
Microsoft Visual Studio Solution File, Format Version 12.00
# Visual Studio 2017
Project("{FAE04EC0-301F-11D3-BF4B-00C04F79EFBC}") = "Pong2D_0.9", "Pong2D_0.9.csproj", "{4C6776B4-834E-A6E4-2B07-1E2B34A3D77F}"
EndProject
Global
	GlobalSection(SolutionConfigurationPlatforms) = preSolution
		Debug|Any CPU = Debug|Any CPU
		Release|Any CPU = Release|Any CPU
	EndGlobalSection
	GlobalSection(ProjectConfigurationPlatforms) = postSolution
		{4C6776B4-834E-A6E4-2B07-1E2B34A3D77F}.Debug|Any CPU.ActiveCfg = Debug|Any CPU
		{4C6776B4-834E-A6E4-2B07-1E2B34A3D77F}.Debug|Any CPU.Build.0 = Debug|Any CPU
		{4C6776B4-834E-A6E4-2B07-1E2B34A3D77F}.Release|Any CPU.ActiveCfg = Release|Any CPU
		{4C6776B4-834E-A6E4-2B07-1E2B34A3D77F}.Release|Any CPU.Build.0 = Release|Any CPU
	EndGlobalSection
	GlobalSection(SolutionProperties) = preSolution
		HideSolutionNode = FALSE
	EndGlobalSection
EndGlobal
